
Microsoft Visual Studio Solution File, Format Version 12.00
# Visual Studio Version 17
VisualStudioVersion = 17.4.33205.214
MinimumVisualStudioVersion = 10.0.40219.1
Project("{FAE04EC0-301F-11D3-BF4B-00C04F79EFBC}") = "Day4Interface", "Day4Interface\Day4Interface.csproj", "{ABD1C515-3868-47D5-A856-7FA6AB06745B}"
EndProject
Global
	GlobalSection(SolutionConfigurationPlatforms) = preSolution
		Debug|Any CPU = Debug|Any CPU
		Release|Any CPU = Release|Any CPU
	EndGlobalSection
	GlobalSection(ProjectConfigurationPlatforms) = postSolution
		{ABD1C515-3868-47D5-A856-7FA6AB06745B}.Debug|Any CPU.ActiveCfg = Debug|Any CPU
		{ABD1C515-3868-47D5-A856-7FA6AB06745B}.Debug|Any CPU.Build.0 = Debug|Any CPU
		{ABD1C515-3868-47D5-A856-7FA6AB06745B}.Release|Any CPU.ActiveCfg = Release|Any CPU
		{ABD1C515-3868-47D5-A856-7FA6AB06745B}.Release|Any CPU.Build.0 = Release|Any CPU
	EndGlobalSection
	GlobalSection(SolutionProperties) = preSolution
		HideSolutionNode = FALSE
	EndGlobalSection
	GlobalSection(ExtensibilityGlobals) = postSolution
		SolutionGuid = {5678501A-B3DE-4397-87FA-81AD0A0A39B1}
	EndGlobalSection
EndGlobal
